// !$*UTF8*$!
{
	archiveVersion = 1;
	classes = {
	};
	objectVersion = 50;
	objects = {

/* Begin PBXBuildFile section */
		DCA98EDD5320CE4DE84D57AB /* Pods_RRTRealQuick.framework in Frameworks */ = {isa = PBXBuildFile; fileRef = A5F665E47279D7289677B19F /* Pods_RRTRealQuick.framework */; };
		EC0F57852242792700FB350B /* AppDelegate.swift in Sources */ = {isa = PBXBuildFile; fileRef = EC0F57842242792700FB350B /* AppDelegate.swift */; };
		EC0F57872242792700FB350B /* BaseViewController.swift in Sources */ = {isa = PBXBuildFile; fileRef = EC0F57862242792700FB350B /* BaseViewController.swift */; };
		EC0F578A2242792700FB350B /* Main.storyboard in Resources */ = {isa = PBXBuildFile; fileRef = EC0F57882242792700FB350B /* Main.storyboard */; };
		EC0F578C2242792900FB350B /* Assets.xcassets in Resources */ = {isa = PBXBuildFile; fileRef = EC0F578B2242792900FB350B /* Assets.xcassets */; };
		EC0F578F2242792900FB350B /* LaunchScreen.storyboard in Resources */ = {isa = PBXBuildFile; fileRef = EC0F578D2242792900FB350B /* LaunchScreen.storyboard */; };
		EC0F579B2242799200FB350B /* Question.swift in Sources */ = {isa = PBXBuildFile; fileRef = EC0F579A2242799200FB350B /* Question.swift */; };
		EC0F579F22427E3800FB350B /* QuestionnaireViewController.swift in Sources */ = {isa = PBXBuildFile; fileRef = EC0F579E22427E3800FB350B /* QuestionnaireViewController.swift */; };
		EC0F57A222427F3800FB350B /* AMButton.swift in Sources */ = {isa = PBXBuildFile; fileRef = EC0F57A122427F3800FB350B /* AMButton.swift */; };
		EC0F57A522427FF700FB350B /* Constants.swift in Sources */ = {isa = PBXBuildFile; fileRef = EC0F57A422427FF700FB350B /* Constants.swift */; };
		EC0F57A82242807000FB350B /* AnswerKeyAlertView.xib in Resources */ = {isa = PBXBuildFile; fileRef = EC0F57A72242807000FB350B /* AnswerKeyAlertView.xib */; };
		EC0F57AA224280E100FB350B /* AnswerKeyAlertView.swift in Sources */ = {isa = PBXBuildFile; fileRef = EC0F57A9224280E100FB350B /* AnswerKeyAlertView.swift */; };
		EC0F57AC2242868700FB350B /* Repository.swift in Sources */ = {isa = PBXBuildFile; fileRef = EC0F57AB2242868700FB350B /* Repository.swift */; };
		EC0F57AE224286AB00FB350B /* DataStore.swift in Sources */ = {isa = PBXBuildFile; fileRef = EC0F57AD224286AB00FB350B /* DataStore.swift */; };
		EC525952224A695E00DC2758 /* Chapter4-Bushong.json in Resources */ = {isa = PBXBuildFile; fileRef = EC525951224A695E00DC2758 /* Chapter4-Bushong.json */; };
		EC525954224A7F5000DC2758 /* Chapter5-Bushong.json in Resources */ = {isa = PBXBuildFile; fileRef = EC525953224A7F4F00DC2758 /* Chapter5-Bushong.json */; };
		EC98373A2249272F00737D8F /* RadBiology.json in Resources */ = {isa = PBXBuildFile; fileRef = EC9837372249272F00737D8F /* RadBiology.json */; };
		EC98373B2249272F00737D8F /* Chapter1-Bushong.json in Resources */ = {isa = PBXBuildFile; fileRef = EC9837382249272F00737D8F /* Chapter1-Bushong.json */; };
		EC98373E2249275500737D8F /* Glossary.json in Resources */ = {isa = PBXBuildFile; fileRef = EC98373D2249275500737D8F /* Glossary.json */; };
		EC983740224928ED00737D8F /* ChooseSubjectAlertView.xib in Resources */ = {isa = PBXBuildFile; fileRef = EC98373F224928ED00737D8F /* ChooseSubjectAlertView.xib */; };
		EC983742224929D600737D8F /* ChooseSubjectAlertView.swift in Sources */ = {isa = PBXBuildFile; fileRef = EC983741224929D600737D8F /* ChooseSubjectAlertView.swift */; };
		EC98374A22493D1000737D8F /* Chapter2-Bushong.json in Resources */ = {isa = PBXBuildFile; fileRef = EC98374822493D1000737D8F /* Chapter2-Bushong.json */; };
		EC98374B22493D1000737D8F /* Chapter3-Bushong.json in Resources */ = {isa = PBXBuildFile; fileRef = EC98374922493D1000737D8F /* Chapter3-Bushong.json */; };
		EC98374E2249AE3200737D8F /* ViewHelper.swift in Sources */ = {isa = PBXBuildFile; fileRef = EC98374D2249AE3200737D8F /* ViewHelper.swift */; };
		ECE21698224FB571005F0598 /* Chapter7-Bushong.json in Resources */ = {isa = PBXBuildFile; fileRef = ECE21692224FB570005F0598 /* Chapter7-Bushong.json */; };
		ECE21699224FB571005F0598 /* Chapter8-Bushong.json in Resources */ = {isa = PBXBuildFile; fileRef = ECE21693224FB571005F0598 /* Chapter8-Bushong.json */; };
		ECE2169A224FB571005F0598 /* Chapter10-Bushong.json in Resources */ = {isa = PBXBuildFile; fileRef = ECE21694224FB571005F0598 /* Chapter10-Bushong.json */; };
		ECE2169B224FB571005F0598 /* Chapter9-Bushong.json in Resources */ = {isa = PBXBuildFile; fileRef = ECE21695224FB571005F0598 /* Chapter9-Bushong.json */; };
		ECE2169C224FB571005F0598 /* Chapter11-Bushong.json in Resources */ = {isa = PBXBuildFile; fileRef = ECE21696224FB571005F0598 /* Chapter11-Bushong.json */; };
		ECE2169D224FB571005F0598 /* Chapter6-Bushong.json in Resources */ = {isa = PBXBuildFile; fileRef = ECE21697224FB571005F0598 /* Chapter6-Bushong.json */; };
		ECF3C3AE2243C75700515C04 /* ResultViewController.swift in Sources */ = {isa = PBXBuildFile; fileRef = ECF3C3AD2243C75700515C04 /* ResultViewController.swift */; };
		ECF3C3B12243CFDA00515C04 /* SummaryCell.swift in Sources */ = {isa = PBXBuildFile; fileRef = ECF3C3B02243CFDA00515C04 /* SummaryCell.swift */; };
		ECF3C3B32243D00200515C04 /* SummaryViewController.swift in Sources */ = {isa = PBXBuildFile; fileRef = ECF3C3B22243D00200515C04 /* SummaryViewController.swift */; };
		ECF3C3B52243E40F00515C04 /* SettingsViewController.swift in Sources */ = {isa = PBXBuildFile; fileRef = ECF3C3B42243E40F00515C04 /* SettingsViewController.swift */; };
		ECF3C3B72243E55400515C04 /* CacheManager.swift in Sources */ = {isa = PBXBuildFile; fileRef = ECF3C3B62243E55400515C04 /* CacheManager.swift */; };
/* End PBXBuildFile section */

/* Begin PBXFileReference section */
		A5F665E47279D7289677B19F /* Pods_RRTRealQuick.framework */ = {isa = PBXFileReference; explicitFileType = wrapper.framework; includeInIndex = 0; path = Pods_RRTRealQuick.framework; sourceTree = BUILT_PRODUCTS_DIR; };
		AF7F493C1785C6D3DA826079 /* Pods-RRTRealQuick.debug.xcconfig */ = {isa = PBXFileReference; includeInIndex = 1; lastKnownFileType = text.xcconfig; name = "Pods-RRTRealQuick.debug.xcconfig"; path = "Pods/Target Support Files/Pods-RRTRealQuick/Pods-RRTRealQuick.debug.xcconfig"; sourceTree = "<group>"; };
		EC0F57812242792700FB350B /* RRTRealQuick.app */ = {isa = PBXFileReference; explicitFileType = wrapper.application; includeInIndex = 0; path = RRTRealQuick.app; sourceTree = BUILT_PRODUCTS_DIR; };
		EC0F57842242792700FB350B /* AppDelegate.swift */ = {isa = PBXFileReference; lastKnownFileType = sourcecode.swift; path = AppDelegate.swift; sourceTree = "<group>"; };
		EC0F57862242792700FB350B /* BaseViewController.swift */ = {isa = PBXFileReference; lastKnownFileType = sourcecode.swift; path = BaseViewController.swift; sourceTree = "<group>"; };
		EC0F57892242792700FB350B /* Base */ = {isa = PBXFileReference; lastKnownFileType = file.storyboard; name = Base; path = Base.lproj/Main.storyboard; sourceTree = "<group>"; };
		EC0F578B2242792900FB350B /* Assets.xcassets */ = {isa = PBXFileReference; lastKnownFileType = folder.assetcatalog; path = Assets.xcassets; sourceTree = "<group>"; };
		EC0F578E2242792900FB350B /* Base */ = {isa = PBXFileReference; lastKnownFileType = file.storyboard; name = Base; path = Base.lproj/LaunchScreen.storyboard; sourceTree = "<group>"; };
		EC0F57902242792900FB350B /* Info.plist */ = {isa = PBXFileReference; lastKnownFileType = text.plist.xml; path = Info.plist; sourceTree = "<group>"; };
		EC0F579A2242799200FB350B /* Question.swift */ = {isa = PBXFileReference; lastKnownFileType = sourcecode.swift; path = Question.swift; sourceTree = "<group>"; };
		EC0F579E22427E3800FB350B /* QuestionnaireViewController.swift */ = {isa = PBXFileReference; lastKnownFileType = sourcecode.swift; path = QuestionnaireViewController.swift; sourceTree = "<group>"; };
		EC0F57A122427F3800FB350B /* AMButton.swift */ = {isa = PBXFileReference; lastKnownFileType = sourcecode.swift; path = AMButton.swift; sourceTree = "<group>"; };
		EC0F57A422427FF700FB350B /* Constants.swift */ = {isa = PBXFileReference; lastKnownFileType = sourcecode.swift; path = Constants.swift; sourceTree = "<group>"; };
		EC0F57A72242807000FB350B /* AnswerKeyAlertView.xib */ = {isa = PBXFileReference; lastKnownFileType = file.xib; path = AnswerKeyAlertView.xib; sourceTree = "<group>"; };
		EC0F57A9224280E100FB350B /* AnswerKeyAlertView.swift */ = {isa = PBXFileReference; lastKnownFileType = sourcecode.swift; path = AnswerKeyAlertView.swift; sourceTree = "<group>"; };
		EC0F57AB2242868700FB350B /* Repository.swift */ = {isa = PBXFileReference; lastKnownFileType = sourcecode.swift; path = Repository.swift; sourceTree = "<group>"; };
		EC0F57AD224286AB00FB350B /* DataStore.swift */ = {isa = PBXFileReference; lastKnownFileType = sourcecode.swift; path = DataStore.swift; sourceTree = "<group>"; };
		EC525951224A695E00DC2758 /* Chapter4-Bushong.json */ = {isa = PBXFileReference; fileEncoding = 4; lastKnownFileType = text.json; path = "Chapter4-Bushong.json"; sourceTree = "<group>"; };
		EC525953224A7F4F00DC2758 /* Chapter5-Bushong.json */ = {isa = PBXFileReference; fileEncoding = 4; lastKnownFileType = text.json; path = "Chapter5-Bushong.json"; sourceTree = "<group>"; };
		EC9837372249272F00737D8F /* RadBiology.json */ = {isa = PBXFileReference; fileEncoding = 4; lastKnownFileType = text.json; path = RadBiology.json; sourceTree = "<group>"; };
		EC9837382249272F00737D8F /* Chapter1-Bushong.json */ = {isa = PBXFileReference; fileEncoding = 4; lastKnownFileType = text.json; path = "Chapter1-Bushong.json"; sourceTree = "<group>"; };
		EC98373D2249275500737D8F /* Glossary.json */ = {isa = PBXFileReference; fileEncoding = 4; lastKnownFileType = text.json; path = Glossary.json; sourceTree = "<group>"; };
		EC98373F224928ED00737D8F /* ChooseSubjectAlertView.xib */ = {isa = PBXFileReference; lastKnownFileType = file.xib; path = ChooseSubjectAlertView.xib; sourceTree = "<group>"; };
		EC983741224929D600737D8F /* ChooseSubjectAlertView.swift */ = {isa = PBXFileReference; lastKnownFileType = sourcecode.swift; path = ChooseSubjectAlertView.swift; sourceTree = "<group>"; };
		EC98374822493D1000737D8F /* Chapter2-Bushong.json */ = {isa = PBXFileReference; fileEncoding = 4; lastKnownFileType = text.json; path = "Chapter2-Bushong.json"; sourceTree = "<group>"; };
		EC98374922493D1000737D8F /* Chapter3-Bushong.json */ = {isa = PBXFileReference; fileEncoding = 4; lastKnownFileType = text.json; path = "Chapter3-Bushong.json"; sourceTree = "<group>"; };
		EC98374D2249AE3200737D8F /* ViewHelper.swift */ = {isa = PBXFileReference; fileEncoding = 4; lastKnownFileType = sourcecode.swift; path = ViewHelper.swift; sourceTree = "<group>"; };
		ECE21692224FB570005F0598 /* Chapter7-Bushong.json */ = {isa = PBXFileReference; fileEncoding = 4; lastKnownFileType = text.json; path = "Chapter7-Bushong.json"; sourceTree = "<group>"; };
		ECE21693224FB571005F0598 /* Chapter8-Bushong.json */ = {isa = PBXFileReference; fileEncoding = 4; lastKnownFileType = text.json; path = "Chapter8-Bushong.json"; sourceTree = "<group>"; };
		ECE21694224FB571005F0598 /* Chapter10-Bushong.json */ = {isa = PBXFileReference; fileEncoding = 4; lastKnownFileType = text.json; path = "Chapter10-Bushong.json"; sourceTree = "<group>"; };
		ECE21695224FB571005F0598 /* Chapter9-Bushong.json */ = {isa = PBXFileReference; fileEncoding = 4; lastKnownFileType = text.json; path = "Chapter9-Bushong.json"; sourceTree = "<group>"; };
		ECE21696224FB571005F0598 /* Chapter11-Bushong.json */ = {isa = PBXFileReference; fileEncoding = 4; lastKnownFileType = text.json; path = "Chapter11-Bushong.json"; sourceTree = "<group>"; };
		ECE21697224FB571005F0598 /* Chapter6-Bushong.json */ = {isa = PBXFileReference; fileEncoding = 4; lastKnownFileType = text.json; path = "Chapter6-Bushong.json"; sourceTree = "<group>"; };
		ECF3C3AD2243C75700515C04 /* ResultViewController.swift */ = {isa = PBXFileReference; lastKnownFileType = sourcecode.swift; path = ResultViewController.swift; sourceTree = "<group>"; };
		ECF3C3B02243CFDA00515C04 /* SummaryCell.swift */ = {isa = PBXFileReference; lastKnownFileType = sourcecode.swift; path = SummaryCell.swift; sourceTree = "<group>"; };
		ECF3C3B22243D00200515C04 /* SummaryViewController.swift */ = {isa = PBXFileReference; lastKnownFileType = sourcecode.swift; path = SummaryViewController.swift; sourceTree = "<group>"; };
		ECF3C3B42243E40F00515C04 /* SettingsViewController.swift */ = {isa = PBXFileReference; lastKnownFileType = sourcecode.swift; path = SettingsViewController.swift; sourceTree = "<group>"; };
		ECF3C3B62243E55400515C04 /* CacheManager.swift */ = {isa = PBXFileReference; lastKnownFileType = sourcecode.swift; path = CacheManager.swift; sourceTree = "<group>"; };
		FFF2D9D9377A7ADF5769D93B /* Pods-RRTRealQuick.release.xcconfig */ = {isa = PBXFileReference; includeInIndex = 1; lastKnownFileType = text.xcconfig; name = "Pods-RRTRealQuick.release.xcconfig"; path = "Pods/Target Support Files/Pods-RRTRealQuick/Pods-RRTRealQuick.release.xcconfig"; sourceTree = "<group>"; };
/* End PBXFileReference section */

/* Begin PBXFrameworksBuildPhase section */
		EC0F577E2242792700FB350B /* Frameworks */ = {
			isa = PBXFrameworksBuildPhase;
			buildActionMask = 2147483647;
			files = (
				DCA98EDD5320CE4DE84D57AB /* Pods_RRTRealQuick.framework in Frameworks */,
			);
			runOnlyForDeploymentPostprocessing = 0;
		};
/* End PBXFrameworksBuildPhase section */

/* Begin PBXGroup section */
		324308C8C85DCC0AA8C76E59 /* Frameworks */ = {
			isa = PBXGroup;
			children = (
				A5F665E47279D7289677B19F /* Pods_RRTRealQuick.framework */,
			);
			name = Frameworks;
			sourceTree = "<group>";
		};
		999B0C99012BD751BB18B1FB /* Pods */ = {
			isa = PBXGroup;
			children = (
				AF7F493C1785C6D3DA826079 /* Pods-RRTRealQuick.debug.xcconfig */,
				FFF2D9D9377A7ADF5769D93B /* Pods-RRTRealQuick.release.xcconfig */,
			);
			name = Pods;
			sourceTree = "<group>";
		};
		EC0F57782242792700FB350B = {
			isa = PBXGroup;
			children = (
				EC0F57832242792700FB350B /* RRTRealQuick */,
				EC0F57822242792700FB350B /* Products */,
				999B0C99012BD751BB18B1FB /* Pods */,
				324308C8C85DCC0AA8C76E59 /* Frameworks */,
			);
			sourceTree = "<group>";
		};
		EC0F57822242792700FB350B /* Products */ = {
			isa = PBXGroup;
			children = (
				EC0F57812242792700FB350B /* RRTRealQuick.app */,
			);
			name = Products;
			sourceTree = "<group>";
		};
		EC0F57832242792700FB350B /* RRTRealQuick */ = {
			isa = PBXGroup;
			children = (
				EC98374C2249AE1B00737D8F /* Helper */,
				EC0F57842242792700FB350B /* AppDelegate.swift */,
				EC0F57A322427FEB00FB350B /* Common */,
				EC0F57A022427F2400FB350B /* Custom */,
				EC0F57992242795600FB350B /* Support Files */,
				EC0F57982242794400FB350B /* Storyboard */,
				EC0F57962242793000FB350B /* Views */,
				EC0F57972242793800FB350B /* Models */,
				EC0F57902242792900FB350B /* Info.plist */,
			);
			path = RRTRealQuick;
			sourceTree = "<group>";
		};
		EC0F57962242793000FB350B /* Views */ = {
			isa = PBXGroup;
			children = (
				ECF3C3AF2243CFC700515C04 /* Cells */,
				EC0F57862242792700FB350B /* BaseViewController.swift */,
				EC0F579E22427E3800FB350B /* QuestionnaireViewController.swift */,
				ECF3C3AD2243C75700515C04 /* ResultViewController.swift */,
				ECF3C3B22243D00200515C04 /* SummaryViewController.swift */,
				ECF3C3B42243E40F00515C04 /* SettingsViewController.swift */,
			);
			path = Views;
			sourceTree = "<group>";
		};
		EC0F57972242793800FB350B /* Models */ = {
			isa = PBXGroup;
			children = (
				EC0F579A2242799200FB350B /* Question.swift */,
			);
			path = Models;
			sourceTree = "<group>";
		};
		EC0F57982242794400FB350B /* Storyboard */ = {
			isa = PBXGroup;
			children = (
				EC0F57A62242805600FB350B /* Xib */,
				EC0F57882242792700FB350B /* Main.storyboard */,
				EC0F578D2242792900FB350B /* LaunchScreen.storyboard */,
			);
			path = Storyboard;
			sourceTree = "<group>";
		};
		EC0F57992242795600FB350B /* Support Files */ = {
			isa = PBXGroup;
			children = (
				EC0F57AF22428BCE00FB350B /* Json Files */,
				EC0F578B2242792900FB350B /* Assets.xcassets */,
			);
			path = "Support Files";
			sourceTree = "<group>";
		};
		EC0F57A022427F2400FB350B /* Custom */ = {
			isa = PBXGroup;
			children = (
				EC0F57A122427F3800FB350B /* AMButton.swift */,
				EC0F57A9224280E100FB350B /* AnswerKeyAlertView.swift */,
				EC983741224929D600737D8F /* ChooseSubjectAlertView.swift */,
			);
			path = Custom;
			sourceTree = "<group>";
		};
		EC0F57A322427FEB00FB350B /* Common */ = {
			isa = PBXGroup;
			children = (
				EC0F57A422427FF700FB350B /* Constants.swift */,
				EC0F57AB2242868700FB350B /* Repository.swift */,
				EC0F57AD224286AB00FB350B /* DataStore.swift */,
				ECF3C3B62243E55400515C04 /* CacheManager.swift */,
			);
			path = Common;
			sourceTree = "<group>";
		};
		EC0F57A62242805600FB350B /* Xib */ = {
			isa = PBXGroup;
			children = (
				EC0F57A72242807000FB350B /* AnswerKeyAlertView.xib */,
				EC98373F224928ED00737D8F /* ChooseSubjectAlertView.xib */,
			);
			path = Xib;
			sourceTree = "<group>";
		};
		EC0F57AF22428BCE00FB350B /* Json Files */ = {
			isa = PBXGroup;
			children = (
				ECE21691224FB509005F0598 /* Bushong */,
				EC98373D2249275500737D8F /* Glossary.json */,
				EC9837372249272F00737D8F /* RadBiology.json */,
			);
			path = "Json Files";
			sourceTree = "<group>";
		};
		EC98374C2249AE1B00737D8F /* Helper */ = {
			isa = PBXGroup;
			children = (
				EC98374D2249AE3200737D8F /* ViewHelper.swift */,
			);
			path = Helper;
			sourceTree = "<group>";
		};
		ECE21691224FB509005F0598 /* Bushong */ = {
			isa = PBXGroup;
			children = (
				ECE21697224FB571005F0598 /* Chapter6-Bushong.json */,
				ECE21692224FB570005F0598 /* Chapter7-Bushong.json */,
				ECE21693224FB571005F0598 /* Chapter8-Bushong.json */,
				ECE21695224FB571005F0598 /* Chapter9-Bushong.json */,
				ECE21694224FB571005F0598 /* Chapter10-Bushong.json */,
				ECE21696224FB571005F0598 /* Chapter11-Bushong.json */,
				EC525953224A7F4F00DC2758 /* Chapter5-Bushong.json */,
				EC525951224A695E00DC2758 /* Chapter4-Bushong.json */,
				EC98374822493D1000737D8F /* Chapter2-Bushong.json */,
				EC98374922493D1000737D8F /* Chapter3-Bushong.json */,
				EC9837382249272F00737D8F /* Chapter1-Bushong.json */,
			);
			path = Bushong;
			sourceTree = "<group>";
		};
		ECF3C3AF2243CFC700515C04 /* Cells */ = {
			isa = PBXGroup;
			children = (
				ECF3C3B02243CFDA00515C04 /* SummaryCell.swift */,
			);
			path = Cells;
			sourceTree = "<group>";
		};
/* End PBXGroup section */

/* Begin PBXNativeTarget section */
		EC0F57802242792700FB350B /* RRTRealQuick */ = {
			isa = PBXNativeTarget;
			buildConfigurationList = EC0F57932242792900FB350B /* Build configuration list for PBXNativeTarget "RRTRealQuick" */;
			buildPhases = (
				759A3200A57BF46D9FD4C2CB /* [CP] Check Pods Manifest.lock */,
				EC0F577D2242792700FB350B /* Sources */,
				EC0F577E2242792700FB350B /* Frameworks */,
				EC0F577F2242792700FB350B /* Resources */,
				E84F9BA6049305C7D5E97F6F /* [CP] Embed Pods Frameworks */,
			);
			buildRules = (
			);
			dependencies = (
			);
			name = RRTRealQuick;
			productName = RRTRealQuick;
			productReference = EC0F57812242792700FB350B /* RRTRealQuick.app */;
			productType = "com.apple.product-type.application";
		};
/* End PBXNativeTarget section */

/* Begin PBXProject section */
		EC0F57792242792700FB350B /* Project object */ = {
			isa = PBXProject;
			attributes = {
				LastSwiftUpdateCheck = 1010;
				LastUpgradeCheck = 1010;
				ORGANIZATIONNAME = "Sky Shadow";
				TargetAttributes = {
					EC0F57802242792700FB350B = {
						CreatedOnToolsVersion = 10.1;
					};
				};
			};
			buildConfigurationList = EC0F577C2242792700FB350B /* Build configuration list for PBXProject "RRTRealQuick" */;
			compatibilityVersion = "Xcode 9.3";
			developmentRegion = en;
			hasScannedForEncodings = 0;
			knownRegions = (
				en,
				Base,
			);
			mainGroup = EC0F57782242792700FB350B;
			productRefGroup = EC0F57822242792700FB350B /* Products */;
			projectDirPath = "";
			projectRoot = "";
			targets = (
				EC0F57802242792700FB350B /* RRTRealQuick */,
			);
		};
/* End PBXProject section */

/* Begin PBXResourcesBuildPhase section */
		EC0F577F2242792700FB350B /* Resources */ = {
			isa = PBXResourcesBuildPhase;
			buildActionMask = 2147483647;
			files = (
				ECE2169B224FB571005F0598 /* Chapter9-Bushong.json in Resources */,
				ECE2169D224FB571005F0598 /* Chapter6-Bushong.json in Resources */,
				ECE2169A224FB571005F0598 /* Chapter10-Bushong.json in Resources */,
				ECE21698224FB571005F0598 /* Chapter7-Bushong.json in Resources */,
				EC525954224A7F5000DC2758 /* Chapter5-Bushong.json in Resources */,
				EC98374A22493D1000737D8F /* Chapter2-Bushong.json in Resources */,
				EC0F57A82242807000FB350B /* AnswerKeyAlertView.xib in Resources */,
				EC525952224A695E00DC2758 /* Chapter4-Bushong.json in Resources */,
				EC98373E2249275500737D8F /* Glossary.json in Resources */,
				EC98374B22493D1000737D8F /* Chapter3-Bushong.json in Resources */,
				ECE2169C224FB571005F0598 /* Chapter11-Bushong.json in Resources */,
				ECE21699224FB571005F0598 /* Chapter8-Bushong.json in Resources */,
				EC983740224928ED00737D8F /* ChooseSubjectAlertView.xib in Resources */,
				EC98373B2249272F00737D8F /* Chapter1-Bushong.json in Resources */,
				EC0F578F2242792900FB350B /* LaunchScreen.storyboard in Resources */,
				EC0F578C2242792900FB350B /* Assets.xcassets in Resources */,
				EC0F578A2242792700FB350B /* Main.storyboard in Resources */,
				EC98373A2249272F00737D8F /* RadBiology.json in Resources */,
			);
			runOnlyForDeploymentPostprocessing = 0;
		};
/* End PBXResourcesBuildPhase section */

/* Begin PBXShellScriptBuildPhase section */
		759A3200A57BF46D9FD4C2CB /* [CP] Check Pods Manifest.lock */ = {
			isa = PBXShellScriptBuildPhase;
			buildActionMask = 2147483647;
			files = (
			);
			inputFileListPaths = (
			);
			inputPaths = (
				"${PODS_PODFILE_DIR_PATH}/Podfile.lock",
				"${PODS_ROOT}/Manifest.lock",
			);
			name = "[CP] Check Pods Manifest.lock";
			outputFileListPaths = (
			);
			outputPaths = (
				"$(DERIVED_FILE_DIR)/Pods-RRTRealQuick-checkManifestLockResult.txt",
			);
			runOnlyForDeploymentPostprocessing = 0;
			shellPath = /bin/sh;
			shellScript = "diff \"${PODS_PODFILE_DIR_PATH}/Podfile.lock\" \"${PODS_ROOT}/Manifest.lock\" > /dev/null\nif [ $? != 0 ] ; then\n    # print error to STDERR\n    echo \"error: The sandbox is not in sync with the Podfile.lock. Run 'pod install' or update your CocoaPods installation.\" >&2\n    exit 1\nfi\n# This output is used by Xcode 'outputs' to avoid re-running this script phase.\necho \"SUCCESS\" > \"${SCRIPT_OUTPUT_FILE_0}\"\n";
			showEnvVarsInLog = 0;
		};
		E84F9BA6049305C7D5E97F6F /* [CP] Embed Pods Frameworks */ = {
			isa = PBXShellScriptBuildPhase;
			buildActionMask = 2147483647;
			files = (
			);
			inputFileListPaths = (
			);
			inputPaths = (
				"${SRCROOT}/Pods/Target Support Files/Pods-RRTRealQuick/Pods-RRTRealQuick-frameworks.sh",
				"${BUILT_PRODUCTS_DIR}/Realm/Realm.framework",
				"${BUILT_PRODUCTS_DIR}/RealmSwift/RealmSwift.framework",
				"${BUILT_PRODUCTS_DIR}/SwiftyJSON/SwiftyJSON.framework",
			);
			name = "[CP] Embed Pods Frameworks";
			outputFileListPaths = (
			);
			outputPaths = (
				"${TARGET_BUILD_DIR}/${FRAMEWORKS_FOLDER_PATH}/Realm.framework",
				"${TARGET_BUILD_DIR}/${FRAMEWORKS_FOLDER_PATH}/RealmSwift.framework",
				"${TARGET_BUILD_DIR}/${FRAMEWORKS_FOLDER_PATH}/SwiftyJSON.framework",
			);
			runOnlyForDeploymentPostprocessing = 0;
			shellPath = /bin/sh;
			shellScript = "\"${SRCROOT}/Pods/Target Support Files/Pods-RRTRealQuick/Pods-RRTRealQuick-frameworks.sh\"\n";
			showEnvVarsInLog = 0;
		};
/* End PBXShellScriptBuildPhase section */

/* Begin PBXSourcesBuildPhase section */
		EC0F577D2242792700FB350B /* Sources */ = {
			isa = PBXSourcesBuildPhase;
			buildActionMask = 2147483647;
			files = (
				EC0F579B2242799200FB350B /* Question.swift in Sources */,
				EC0F579F22427E3800FB350B /* QuestionnaireViewController.swift in Sources */,
				EC0F57872242792700FB350B /* BaseViewController.swift in Sources */,
				EC0F57AE224286AB00FB350B /* DataStore.swift in Sources */,
				EC983742224929D600737D8F /* ChooseSubjectAlertView.swift in Sources */,
				ECF3C3B12243CFDA00515C04 /* SummaryCell.swift in Sources */,
				EC98374E2249AE3200737D8F /* ViewHelper.swift in Sources */,
				EC0F57852242792700FB350B /* AppDelegate.swift in Sources */,
				ECF3C3B72243E55400515C04 /* CacheManager.swift in Sources */,
				ECF3C3AE2243C75700515C04 /* ResultViewController.swift in Sources */,
				EC0F57A522427FF700FB350B /* Constants.swift in Sources */,
				EC0F57A222427F3800FB350B /* AMButton.swift in Sources */,
				EC0F57AA224280E100FB350B /* AnswerKeyAlertView.swift in Sources */,
				ECF3C3B52243E40F00515C04 /* SettingsViewController.swift in Sources */,
				EC0F57AC2242868700FB350B /* Repository.swift in Sources */,
				ECF3C3B32243D00200515C04 /* SummaryViewController.swift in Sources */,
			);
			runOnlyForDeploymentPostprocessing = 0;
		};
/* End PBXSourcesBuildPhase section */

/* Begin PBXVariantGroup section */
		EC0F57882242792700FB350B /* Main.storyboard */ = {
			isa = PBXVariantGroup;
			children = (
				EC0F57892242792700FB350B /* Base */,
			);
			name = Main.storyboard;
			sourceTree = "<group>";
		};
		EC0F578D2242792900FB350B /* LaunchScreen.storyboard */ = {
			isa = PBXVariantGroup;
			children = (
				EC0F578E2242792900FB350B /* Base */,
			);
			name = LaunchScreen.storyboard;
			sourceTree = "<group>";
		};
/* End PBXVariantGroup section */

/* Begin XCBuildConfiguration section */
		EC0F57912242792900FB350B /* Debug */ = {
			isa = XCBuildConfiguration;
			buildSettings = {
				ALWAYS_SEARCH_USER_PATHS = NO;
				CLANG_ANALYZER_NONNULL = YES;
				CLANG_ANALYZER_NUMBER_OBJECT_CONVERSION = YES_AGGRESSIVE;
				CLANG_CXX_LANGUAGE_STANDARD = "gnu++14";
				CLANG_CXX_LIBRARY = "libc++";
				CLANG_ENABLE_MODULES = YES;
				CLANG_ENABLE_OBJC_ARC = YES;
				CLANG_ENABLE_OBJC_WEAK = YES;
				CLANG_WARN_BLOCK_CAPTURE_AUTORELEASING = YES;
				CLANG_WARN_BOOL_CONVERSION = YES;
				CLANG_WARN_COMMA = YES;
				CLANG_WARN_CONSTANT_CONVERSION = YES;
				CLANG_WARN_DEPRECATED_OBJC_IMPLEMENTATIONS = YES;
				CLANG_WARN_DIRECT_OBJC_ISA_USAGE = YES_ERROR;
				CLANG_WARN_DOCUMENTATION_COMMENTS = YES;
				CLANG_WARN_EMPTY_BODY = YES;
				CLANG_WARN_ENUM_CONVERSION = YES;
				CLANG_WARN_INFINITE_RECURSION = YES;
				CLANG_WARN_INT_CONVERSION = YES;
				CLANG_WARN_NON_LITERAL_NULL_CONVERSION = YES;
				CLANG_WARN_OBJC_IMPLICIT_RETAIN_SELF = YES;
				CLANG_WARN_OBJC_LITERAL_CONVERSION = YES;
				CLANG_WARN_OBJC_ROOT_CLASS = YES_ERROR;
				CLANG_WARN_RANGE_LOOP_ANALYSIS = YES;
				CLANG_WARN_STRICT_PROTOTYPES = YES;
				CLANG_WARN_SUSPICIOUS_MOVE = YES;
				CLANG_WARN_UNGUARDED_AVAILABILITY = YES_AGGRESSIVE;
				CLANG_WARN_UNREACHABLE_CODE = YES;
				CLANG_WARN__DUPLICATE_METHOD_MATCH = YES;
				CODE_SIGN_IDENTITY = "iPhone Developer";
				COPY_PHASE_STRIP = NO;
				DEBUG_INFORMATION_FORMAT = dwarf;
				ENABLE_STRICT_OBJC_MSGSEND = YES;
				ENABLE_TESTABILITY = YES;
				GCC_C_LANGUAGE_STANDARD = gnu11;
				GCC_DYNAMIC_NO_PIC = NO;
				GCC_NO_COMMON_BLOCKS = YES;
				GCC_OPTIMIZATION_LEVEL = 0;
				GCC_PREPROCESSOR_DEFINITIONS = (
					"DEBUG=1",
					"$(inherited)",
				);
				GCC_WARN_64_TO_32_BIT_CONVERSION = YES;
				GCC_WARN_ABOUT_RETURN_TYPE = YES_ERROR;
				GCC_WARN_UNDECLARED_SELECTOR = YES;
				GCC_WARN_UNINITIALIZED_AUTOS = YES_AGGRESSIVE;
				GCC_WARN_UNUSED_FUNCTION = YES;
				GCC_WARN_UNUSED_VARIABLE = YES;
				IPHONEOS_DEPLOYMENT_TARGET = 12.1;
				MTL_ENABLE_DEBUG_INFO = INCLUDE_SOURCE;
				MTL_FAST_MATH = YES;
				ONLY_ACTIVE_ARCH = YES;
				SDKROOT = iphoneos;
				SWIFT_ACTIVE_COMPILATION_CONDITIONS = DEBUG;
				SWIFT_OPTIMIZATION_LEVEL = "-Onone";
			};
			name = Debug;
		};
		EC0F57922242792900FB350B /* Release */ = {
			isa = XCBuildConfiguration;
			buildSettings = {
				ALWAYS_SEARCH_USER_PATHS = NO;
				CLANG_ANALYZER_NONNULL = YES;
				CLANG_ANALYZER_NUMBER_OBJECT_CONVERSION = YES_AGGRESSIVE;
				CLANG_CXX_LANGUAGE_STANDARD = "gnu++14";
				CLANG_CXX_LIBRARY = "libc++";
				CLANG_ENABLE_MODULES = YES;
				CLANG_ENABLE_OBJC_ARC = YES;
				CLANG_ENABLE_OBJC_WEAK = YES;
				CLANG_WARN_BLOCK_CAPTURE_AUTORELEASING = YES;
				CLANG_WARN_BOOL_CONVERSION = YES;
				CLANG_WARN_COMMA = YES;
				CLANG_WARN_CONSTANT_CONVERSION = YES;
				CLANG_WARN_DEPRECATED_OBJC_IMPLEMENTATIONS = YES;
				CLANG_WARN_DIRECT_OBJC_ISA_USAGE = YES_ERROR;
				CLANG_WARN_DOCUMENTATION_COMMENTS = YES;
				CLANG_WARN_EMPTY_BODY = YES;
				CLANG_WARN_ENUM_CONVERSION = YES;
				CLANG_WARN_INFINITE_RECURSION = YES;
				CLANG_WARN_INT_CONVERSION = YES;
				CLANG_WARN_NON_LITERAL_NULL_CONVERSION = YES;
				CLANG_WARN_OBJC_IMPLICIT_RETAIN_SELF = YES;
				CLANG_WARN_OBJC_LITERAL_CONVERSION = YES;
				CLANG_WARN_OBJC_ROOT_CLASS = YES_ERROR;
				CLANG_WARN_RANGE_LOOP_ANALYSIS = YES;
				CLANG_WARN_STRICT_PROTOTYPES = YES;
				CLANG_WARN_SUSPICIOUS_MOVE = YES;
				CLANG_WARN_UNGUARDED_AVAILABILITY = YES_AGGRESSIVE;
				CLANG_WARN_UNREACHABLE_CODE = YES;
				CLANG_WARN__DUPLICATE_METHOD_MATCH = YES;
				CODE_SIGN_IDENTITY = "iPhone Developer";
				COPY_PHASE_STRIP = NO;
				DEBUG_INFORMATION_FORMAT = "dwarf-with-dsym";
				ENABLE_NS_ASSERTIONS = NO;
				ENABLE_STRICT_OBJC_MSGSEND = YES;
				GCC_C_LANGUAGE_STANDARD = gnu11;
				GCC_NO_COMMON_BLOCKS = YES;
				GCC_WARN_64_TO_32_BIT_CONVERSION = YES;
				GCC_WARN_ABOUT_RETURN_TYPE = YES_ERROR;
				GCC_WARN_UNDECLARED_SELECTOR = YES;
				GCC_WARN_UNINITIALIZED_AUTOS = YES_AGGRESSIVE;
				GCC_WARN_UNUSED_FUNCTION = YES;
				GCC_WARN_UNUSED_VARIABLE = YES;
				IPHONEOS_DEPLOYMENT_TARGET = 12.1;
				MTL_ENABLE_DEBUG_INFO = NO;
				MTL_FAST_MATH = YES;
				SDKROOT = iphoneos;
				SWIFT_COMPILATION_MODE = wholemodule;
				SWIFT_OPTIMIZATION_LEVEL = "-O";
				VALIDATE_PRODUCT = YES;
			};
			name = Release;
		};
		EC0F57942242792900FB350B /* Debug */ = {
			isa = XCBuildConfiguration;
			baseConfigurationReference = AF7F493C1785C6D3DA826079 /* Pods-RRTRealQuick.debug.xcconfig */;
			buildSettings = {
				ASSETCATALOG_COMPILER_APPICON_NAME = AppIcon;
				CODE_SIGN_STYLE = Automatic;
				DEVELOPMENT_TEAM = YAW66AW89G;
				INFOPLIST_FILE = RRTRealQuick/Info.plist;
				LD_RUNPATH_SEARCH_PATHS = (
					"$(inherited)",
					"@executable_path/Frameworks",
				);
				PRODUCT_BUNDLE_IDENTIFIER = com.aaronmusa.RRTRealQuick;
				PRODUCT_NAME = "$(TARGET_NAME)";
				SWIFT_VERSION = 4.2;
				TARGETED_DEVICE_FAMILY = "1,2";
			};
			name = Debug;
		};
		EC0F57952242792900FB350B /* Release */ = {
			isa = XCBuildConfiguration;
			baseConfigurationReference = FFF2D9D9377A7ADF5769D93B /* Pods-RRTRealQuick.release.xcconfig */;
			buildSettings = {
				ASSETCATALOG_COMPILER_APPICON_NAME = AppIcon;
				CODE_SIGN_STYLE = Automatic;
				DEVELOPMENT_TEAM = YAW66AW89G;
				INFOPLIST_FILE = RRTRealQuick/Info.plist;
				LD_RUNPATH_SEARCH_PATHS = (
					"$(inherited)",
					"@executable_path/Frameworks",
				);
				PRODUCT_BUNDLE_IDENTIFIER = com.aaronmusa.RRTRealQuick;
				PRODUCT_NAME = "$(TARGET_NAME)";
				SWIFT_VERSION = 4.2;
				TARGETED_DEVICE_FAMILY = "1,2";
			};
			name = Release;
		};
/* End XCBuildConfiguration section */

/* Begin XCConfigurationList section */
		EC0F577C2242792700FB350B /* Build configuration list for PBXProject "RRTRealQuick" */ = {
			isa = XCConfigurationList;
			buildConfigurations = (
				EC0F57912242792900FB350B /* Debug */,
				EC0F57922242792900FB350B /* Release */,
			);
			defaultConfigurationIsVisible = 0;
			defaultConfigurationName = Release;
		};
		EC0F57932242792900FB350B /* Build configuration list for PBXNativeTarget "RRTRealQuick" */ = {
			isa = XCConfigurationList;
			buildConfigurations = (
				EC0F57942242792900FB350B /* Debug */,
				EC0F57952242792900FB350B /* Release */,
			);
			defaultConfigurationIsVisible = 0;
			defaultConfigurationName = Release;
		};
/* End XCConfigurationList section */
	};
	rootObject = EC0F57792242792700FB350B /* Project object */;
}
